{
  "name": "Hydra",
  "lockfileVersion": 3,
  "requires": true,
  "packages": {
    "": {
      "devDependencies": {
        "@minecraft/server": "^1.16.0",
        "@minecraft/server-ui": "^1.3.0"
      }
    },
    "node_modules/@minecraft/common": {
      "version": "1.2.0",
      "resolved": "https://registry.npmjs.org/@minecraft/common/-/common-1.2.0.tgz",
      "integrity": "sha512-JdmEq4P3Z/FtoBzhLijFgMSVFnFRrUoLwY8DHHrgtFo0mfLTOLTB1RErYjLMsA6b7BGVNxkX/pfFRiH7QZ0XwQ==",
      "dev": true
    },
    "node_modules/@minecraft/server": {
      "version": "1.16.0",
      "resolved": "https://registry.npmjs.org/@minecraft/server/-/server-1.16.0.tgz",
      "integrity": "sha512-Rm4lVM8/T8+QLIyAer3tPz1P5FAvJc5MhFrYzIt+sdd6y4DVENu4y9/Vucb19mBXJB/+Dt7uDb8RQG/xAWVExA==",
      "dev": true,
      "dependencies": {
        "@minecraft/common": "^1.1.0"
      }
    },
    "node_modules/@minecraft/server-ui": {
      "version": "1.3.0",
      "resolved": "https://registry.npmjs.org/@minecraft/server-ui/-/server-ui-1.3.0.tgz",
      "integrity": "sha512-Vgo7s+gxjHaNmm8lYTW+HL1JguyZggsn1UB86++eqV1KoRlLnqJH1wBJU2OIb1kQ6HXH0pnL206pxmRy7lmmjg==",
      "dev": true,
      "dependencies": {
        "@minecraft/common": "^1.0.0",
        "@minecraft/server": "^1.3.0"
      }
    }
  }
}
